
Microsoft Visual Studio Solution File, Format Version 12.00
# Visual Studio Version 17
VisualStudioVersion = 17.8.34004.107
MinimumVisualStudioVersion = 10.0.40219.1
Project("{9A19103F-16F7-4668-BE54-9A1E7A4F7556}") = "DemoRegistrationEncryptionUsingRandomNumberAndSalt", "DemoRegistrationEncryptionUsingRandomNumberAndSalt\DemoRegistrationEncryptionUsingRandomNumberAndSalt.csproj", "{05E084F1-9095-4FB8-B5C6-12751CE2FEE9}"
EndProject
Project("{9A19103F-16F7-4668-BE54-9A1E7A4F7556}") = "DemoRegistrationEncryptionUsingRandomNumberAndSalt.Api", "DemoRegistrationEncryptionUsingRandomNumberAndSalt.Api\DemoRegistrationEncryptionUsingRandomNumberAndSalt.Api.csproj", "{D1CC5D57-68D5-4771-A3C5-D1EF979FFD2A}"
EndProject
Project("{FAE04EC0-301F-11D3-BF4B-00C04F79EFBC}") = "SharedLogicLibrary", "SharedLogicLibrary\SharedLogicLibrary.csproj", "{2CE08B3C-6253-4CF0-BE0E-1039233857A7}"
EndProject
Global
	GlobalSection(SolutionConfigurationPlatforms) = preSolution
		Debug|Any CPU = Debug|Any CPU
		Release|Any CPU = Release|Any CPU
	EndGlobalSection
	GlobalSection(ProjectConfigurationPlatforms) = postSolution
		{05E084F1-9095-4FB8-B5C6-12751CE2FEE9}.Debug|Any CPU.ActiveCfg = Debug|Any CPU
		{05E084F1-9095-4FB8-B5C6-12751CE2FEE9}.Debug|Any CPU.Build.0 = Debug|Any CPU
		{05E084F1-9095-4FB8-B5C6-12751CE2FEE9}.Release|Any CPU.ActiveCfg = Release|Any CPU
		{05E084F1-9095-4FB8-B5C6-12751CE2FEE9}.Release|Any CPU.Build.0 = Release|Any CPU
		{D1CC5D57-68D5-4771-A3C5-D1EF979FFD2A}.Debug|Any CPU.ActiveCfg = Debug|Any CPU
		{D1CC5D57-68D5-4771-A3C5-D1EF979FFD2A}.Debug|Any CPU.Build.0 = Debug|Any CPU
		{D1CC5D57-68D5-4771-A3C5-D1EF979FFD2A}.Release|Any CPU.ActiveCfg = Release|Any CPU
		{D1CC5D57-68D5-4771-A3C5-D1EF979FFD2A}.Release|Any CPU.Build.0 = Release|Any CPU
		{2CE08B3C-6253-4CF0-BE0E-1039233857A7}.Debug|Any CPU.ActiveCfg = Debug|Any CPU
		{2CE08B3C-6253-4CF0-BE0E-1039233857A7}.Debug|Any CPU.Build.0 = Debug|Any CPU
		{2CE08B3C-6253-4CF0-BE0E-1039233857A7}.Release|Any CPU.ActiveCfg = Release|Any CPU
		{2CE08B3C-6253-4CF0-BE0E-1039233857A7}.Release|Any CPU.Build.0 = Release|Any CPU
	EndGlobalSection
	GlobalSection(SolutionProperties) = preSolution
		HideSolutionNode = FALSE
	EndGlobalSection
	GlobalSection(ExtensibilityGlobals) = postSolution
		SolutionGuid = {6B7659AF-EDE0-47A3-883E-765371E27517}
	EndGlobalSection
EndGlobal
